dependencies:
- name: postgresql
  repository: https://charts.bitnami.com/bitnami
  version: 16.4.14
- name: kafka
  repository: https://charts.bitnami.com/bitnami
  version: 31.4.0
digest: sha256:e89fbb40deda5377148481b4d39898f8f447735c03e7d8cbd9bc4d343da9f59f
generated: "2025-03-02T00:14:47.688355+01:00"
